
Microsoft Visual Studio Solution File, Format Version 12.00
# Visual Studio 15
VisualStudioVersion = 15.0.26730.15
MinimumVisualStudioVersion = 10.0.40219.1
Project("{FAE04EC0-301F-11D3-BF4B-00C04F79EFBC}") = "KinoGuide", "KinoGuide\KinoGuide.csproj", "{041A9062-0B43-456B-AABC-48288C02CF91}"
EndProject
Global
	GlobalSection(SolutionConfigurationPlatforms) = preSolution
		Debug|Any CPU = Debug|Any CPU
		Release|Any CPU = Release|Any CPU
	EndGlobalSection
	GlobalSection(ProjectConfigurationPlatforms) = postSolution
		{041A9062-0B43-456B-AABC-48288C02CF91}.Debug|Any CPU.ActiveCfg = Debug|Any CPU
		{041A9062-0B43-456B-AABC-48288C02CF91}.Debug|Any CPU.Build.0 = Debug|Any CPU
		{041A9062-0B43-456B-AABC-48288C02CF91}.Release|Any CPU.ActiveCfg = Release|Any CPU
		{041A9062-0B43-456B-AABC-48288C02CF91}.Release|Any CPU.Build.0 = Release|Any CPU
	EndGlobalSection
	GlobalSection(SolutionProperties) = preSolution
		HideSolutionNode = FALSE
	EndGlobalSection
	GlobalSection(ExtensibilityGlobals) = postSolution
		SolutionGuid = {85A02815-437C-4C3B-8DA9-6DEB009F0470}
	EndGlobalSection
EndGlobal
